Microsoft Visual Studio Solution File, Format Version 11.00
# Visual Studio 2008

Project("{3F81711B-88AB-8DC3-FA43-9AB1CC31064B}") = "c0533tt3", "Assembly-CSharp-vs.csproj", "{78512A78-93B5-0EC8-5C6F-E1F6D37CAA70}"
EndProject
Global
	GlobalSection(SolutionConfigurationPlatforms) = preSolution
		Debug|Any CPU = Debug|Any CPU
		Release|Any CPU = Release|Any CPU
	EndGlobalSection
	GlobalSection(ProjectConfigurationPlatforms) = postSolution
		{78512A78-93B5-0EC8-5C6F-E1F6D37CAA70}.Debug|Any CPU.ActiveCfg = Debug|Any CPU
		{78512A78-93B5-0EC8-5C6F-E1F6D37CAA70}.Debug|Any CPU.Build.0 = Debug|Any CPU
		{78512A78-93B5-0EC8-5C6F-E1F6D37CAA70}.Release|Any CPU.ActiveCfg = Release|Any CPU
		{78512A78-93B5-0EC8-5C6F-E1F6D37CAA70}.Release|Any CPU.Build.0 = Release|Any CPU
	EndGlobalSection
	GlobalSection(SolutionProperties) = preSolution
		HideSolutionNode = FALSE
	EndGlobalSection
			GlobalSection(MonoDevelopProperties) = preSolution
		StartupItem = Assembly-CSharp.csproj
		Policies = $0
		$0.TextStylePolicy = $1
		$1.inheritsSet = null
		$1.scope = text/x-csharp
		$0.CSharpFormattingPolicy = $2
		$2.inheritsSet = Mono
		$2.inheritsScope = text/x-csharp
		$2.scope = text/x-csharp
		$0.TextStylePolicy = $3
		$3.FileWidth = 120
		$3.TabWidth = 4
		$3.EolMarker = Unix
		$3.inheritsSet = Mono
		$3.inheritsScope = text/plain
		$3.scope = text/plain
	EndGlobalSection

EndGlobal
